Microsoft Visual Studio Solution File, Format Version 8.00
Project("{8BC9CEB8-8B4A-11D0-8D11-00A0C91BC942}") = "Engine", "Engine.vcproj", "{618AEDF2-D2EF-48CC-B947-535AA3334860}"
	ProjectSection(ProjectDependencies) = postProject
	EndProjectSection
EndProject
Project("{8BC9CEB8-8B4A-11D0-8D11-00A0C91BC942}") = "RenderD3D", "..\RenderD3D\RenderD3D.vcproj", "{8C538C8F-765A-4203-B695-34A2115FFBA1}"
	ProjectSection(ProjectDependencies) = postProject
	EndProjectSection
EndProject
Project("{8BC9CEB8-8B4A-11D0-8D11-00A0C91BC942}") = "EngineTest", "..\EngineTest\EngineTest.vcproj", "{8E0E6327-490B-4401-866E-B9B46D670F52}"
	ProjectSection(ProjectDependencies) = postProject
		{637D8B0F-0D69-4ED3-A278-01998E5C4F99} = {637D8B0F-0D69-4ED3-A278-01998E5C4F99}
		{26542611-9E38-4313-B936-E1F28BBBE775} = {26542611-9E38-4313-B936-E1F28BBBE775}
		{C91E7E41-22CA-44BA-8724-E21C30A6E86D} = {C91E7E41-22CA-44BA-8724-E21C30A6E86D}
		{535E136A-16E5-4F9C-AFCA-F46B254B2643} = {535E136A-16E5-4F9C-AFCA-F46B254B2643}
		{8C538C8F-765A-4203-B695-34A2115FFBA1} = {8C538C8F-765A-4203-B695-34A2115FFBA1}
		{EE3659BF-2D9D-47FD-978C-86D061160279} = {EE3659BF-2D9D-47FD-978C-86D061160279}
		{618AEDF2-D2EF-48CC-B947-535AA3334860} = {618AEDF2-D2EF-48CC-B947-535AA3334860}
	EndProjectSection
EndProject
Project("{8BC9CEB8-8B4A-11D0-8D11-00A0C91BC942}") = "zlib", "..\Zlib\zlib.vcproj", "{637D8B0F-0D69-4ED3-A278-01998E5C4F99}"
	ProjectSection(ProjectDependencies) = postProject
	EndProjectSection
EndProject
Project("{8BC9CEB8-8B4A-11D0-8D11-00A0C91BC942}") = "gui", "..\gui\gui.vcproj", "{C91E7E41-22CA-44BA-8724-E21C30A6E86D}"
	ProjectSection(ProjectDependencies) = postProject
	EndProjectSection
EndProject
Project("{8BC9CEB8-8B4A-11D0-8D11-00A0C91BC942}") = "xml_parse", "..\xml_parse\xml_parse.vcproj", "{26542611-9E38-4313-B936-E1F28BBBE775}"
	ProjectSection(ProjectDependencies) = postProject
	EndProjectSection
EndProject
Project("{8BC9CEB8-8B4A-11D0-8D11-00A0C91BC942}") = "Property", "..\Property\Property.vcproj", "{747ADBD4-8A04-4397-8C07-2DEB5060AD89}"
	ProjectSection(ProjectDependencies) = postProject
	EndProjectSection
EndProject
Project("{8BC9CEB8-8B4A-11D0-8D11-00A0C91BC942}") = "EncDec", "..\EncDec\EncDec.vcproj", "{EE3659BF-2D9D-47FD-978C-86D061160279}"
	ProjectSection(ProjectDependencies) = postProject
	EndProjectSection
EndProject
Project("{8BC9CEB8-8B4A-11D0-8D11-00A0C91BC942}") = "MakeFilePack", "..\MakeFilePack\MakeFilePack.vcproj", "{C6F8605D-A3F4-4F9E-9D88-D07892ADD944}"
	ProjectSection(ProjectDependencies) = postProject
		{637D8B0F-0D69-4ED3-A278-01998E5C4F99} = {637D8B0F-0D69-4ED3-A278-01998E5C4F99}
		{8C538C8F-765A-4203-B695-34A2115FFBA1} = {8C538C8F-765A-4203-B695-34A2115FFBA1}
		{EE3659BF-2D9D-47FD-978C-86D061160279} = {EE3659BF-2D9D-47FD-978C-86D061160279}
		{618AEDF2-D2EF-48CC-B947-535AA3334860} = {618AEDF2-D2EF-48CC-B947-535AA3334860}
	EndProjectSection
EndProject
Project("{8BC9CEB8-8B4A-11D0-8D11-00A0C91BC942}") = "Media", "..\Media\Media.vcproj", "{535E136A-16E5-4F9C-AFCA-F46B254B2643}"
	ProjectSection(ProjectDependencies) = postProject
	EndProjectSection
EndProject
Project("{8BC9CEB8-8B4A-11D0-8D11-00A0C91BC942}") = "Client", "..\Client\Client.vcproj", "{47121236-C12D-4826-AA98-1D74AED55AC7}"
	ProjectSection(ProjectDependencies) = postProject
		{637D8B0F-0D69-4ED3-A278-01998E5C4F99} = {637D8B0F-0D69-4ED3-A278-01998E5C4F99}
		{26542611-9E38-4313-B936-E1F28BBBE775} = {26542611-9E38-4313-B936-E1F28BBBE775}
		{C91E7E41-22CA-44BA-8724-E21C30A6E86D} = {C91E7E41-22CA-44BA-8724-E21C30A6E86D}
		{535E136A-16E5-4F9C-AFCA-F46B254B2643} = {535E136A-16E5-4F9C-AFCA-F46B254B2643}
		{8C538C8F-765A-4203-B695-34A2115FFBA1} = {8C538C8F-765A-4203-B695-34A2115FFBA1}
		{EE3659BF-2D9D-47FD-978C-86D061160279} = {EE3659BF-2D9D-47FD-978C-86D061160279}
		{747ADBD4-8A04-4397-8C07-2DEB5060AD89} = {747ADBD4-8A04-4397-8C07-2DEB5060AD89}
		{618AEDF2-D2EF-48CC-B947-535AA3334860} = {618AEDF2-D2EF-48CC-B947-535AA3334860}
	EndProjectSection
EndProject
Project("{8BC9CEB8-8B4A-11D0-8D11-00A0C91BC942}") = "Magic", "..\Magic\Magic.vcproj", "{489B43B4-A123-4D79-83D3-9371734D0B1C}"
	ProjectSection(ProjectDependencies) = postProject
	EndProjectSection
EndProject
Global
	GlobalSection(SolutionConfiguration) = preSolution
		Debug = Debug
		Debug_Tool = Debug_Tool
		Release = Release
		Release_Tool = Release_Tool
	EndGlobalSection
	GlobalSection(ProjectConfiguration) = postSolution
		{618AEDF2-D2EF-48CC-B947-535AA3334860}.Debug.ActiveCfg = Debug|Win32
		{618AEDF2-D2EF-48CC-B947-535AA3334860}.Debug.Build.0 = Debug|Win32
		{618AEDF2-D2EF-48CC-B947-535AA3334860}.Debug_Tool.ActiveCfg = Debug|Win32
		{618AEDF2-D2EF-48CC-B947-535AA3334860}.Debug_Tool.Build.0 = Debug|Win32
		{618AEDF2-D2EF-48CC-B947-535AA3334860}.Release.ActiveCfg = Release|Win32
		{618AEDF2-D2EF-48CC-B947-535AA3334860}.Release.Build.0 = Release|Win32
		{618AEDF2-D2EF-48CC-B947-535AA3334860}.Release_Tool.ActiveCfg = Release|Win32
		{618AEDF2-D2EF-48CC-B947-535AA3334860}.Release_Tool.Build.0 = Release|Win32
		{8C538C8F-765A-4203-B695-34A2115FFBA1}.Debug.ActiveCfg = Debug|Win32
		{8C538C8F-765A-4203-B695-34A2115FFBA1}.Debug.Build.0 = Debug|Win32
		{8C538C8F-765A-4203-B695-34A2115FFBA1}.Debug_Tool.ActiveCfg = Debug|Win32
		{8C538C8F-765A-4203-B695-34A2115FFBA1}.Debug_Tool.Build.0 = Debug|Win32
		{8C538C8F-765A-4203-B695-34A2115FFBA1}.Release.ActiveCfg = Release|Win32
		{8C538C8F-765A-4203-B695-34A2115FFBA1}.Release.Build.0 = Release|Win32
		{8C538C8F-765A-4203-B695-34A2115FFBA1}.Release_Tool.ActiveCfg = Release|Win32
		{8C538C8F-765A-4203-B695-34A2115FFBA1}.Release_Tool.Build.0 = Release|Win32
		{8E0E6327-490B-4401-866E-B9B46D670F52}.Debug.ActiveCfg = Debug|Win32
		{8E0E6327-490B-4401-866E-B9B46D670F52}.Debug.Build.0 = Debug|Win32
		{8E0E6327-490B-4401-866E-B9B46D670F52}.Debug_Tool.ActiveCfg = Debug|Win32
		{8E0E6327-490B-4401-866E-B9B46D670F52}.Debug_Tool.Build.0 = Debug|Win32
		{8E0E6327-490B-4401-866E-B9B46D670F52}.Release.ActiveCfg = Release|Win32
		{8E0E6327-490B-4401-866E-B9B46D670F52}.Release.Build.0 = Release|Win32
		{8E0E6327-490B-4401-866E-B9B46D670F52}.Release_Tool.ActiveCfg = Release|Win32
		{8E0E6327-490B-4401-866E-B9B46D670F52}.Release_Tool.Build.0 = Release|Win32
		{637D8B0F-0D69-4ED3-A278-01998E5C4F99}.Debug.ActiveCfg = Debug|Win32
		{637D8B0F-0D69-4ED3-A278-01998E5C4F99}.Debug.Build.0 = Debug|Win32
		{637D8B0F-0D69-4ED3-A278-01998E5C4F99}.Debug_Tool.ActiveCfg = Debug|Win32
		{637D8B0F-0D69-4ED3-A278-01998E5C4F99}.Debug_Tool.Build.0 = Debug|Win32
		{637D8B0F-0D69-4ED3-A278-01998E5C4F99}.Release.ActiveCfg = Release|Win32
		{637D8B0F-0D69-4ED3-A278-01998E5C4F99}.Release.Build.0 = Release|Win32
		{637D8B0F-0D69-4ED3-A278-01998E5C4F99}.Release_Tool.ActiveCfg = Release|Win32
		{637D8B0F-0D69-4ED3-A278-01998E5C4F99}.Release_Tool.Build.0 = Release|Win32
		{C91E7E41-22CA-44BA-8724-E21C30A6E86D}.Debug.ActiveCfg = Debug|Win32
		{C91E7E41-22CA-44BA-8724-E21C30A6E86D}.Debug.Build.0 = Debug|Win32
		{C91E7E41-22CA-44BA-8724-E21C30A6E86D}.Debug_Tool.ActiveCfg = Debug|Win32
		{C91E7E41-22CA-44BA-8724-E21C30A6E86D}.Debug_Tool.Build.0 = Debug|Win32
		{C91E7E41-22CA-44BA-8724-E21C30A6E86D}.Release.ActiveCfg = Release|Win32
		{C91E7E41-22CA-44BA-8724-E21C30A6E86D}.Release.Build.0 = Release|Win32
		{C91E7E41-22CA-44BA-8724-E21C30A6E86D}.Release_Tool.ActiveCfg = Release|Win32
		{C91E7E41-22CA-44BA-8724-E21C30A6E86D}.Release_Tool.Build.0 = Release|Win32
		{26542611-9E38-4313-B936-E1F28BBBE775}.Debug.ActiveCfg = Debug|Win32
		{26542611-9E38-4313-B936-E1F28BBBE775}.Debug.Build.0 = Debug|Win32
		{26542611-9E38-4313-B936-E1F28BBBE775}.Debug_Tool.ActiveCfg = Debug|Win32
		{26542611-9E38-4313-B936-E1F28BBBE775}.Debug_Tool.Build.0 = Debug|Win32
		{26542611-9E38-4313-B936-E1F28BBBE775}.Release.ActiveCfg = Release|Win32
		{26542611-9E38-4313-B936-E1F28BBBE775}.Release.Build.0 = Release|Win32
		{26542611-9E38-4313-B936-E1F28BBBE775}.Release_Tool.ActiveCfg = Release|Win32
		{26542611-9E38-4313-B936-E1F28BBBE775}.Release_Tool.Build.0 = Release|Win32
		{747ADBD4-8A04-4397-8C07-2DEB5060AD89}.Debug.ActiveCfg = Debug|Win32
		{747ADBD4-8A04-4397-8C07-2DEB5060AD89}.Debug.Build.0 = Debug|Win32
		{747ADBD4-8A04-4397-8C07-2DEB5060AD89}.Debug_Tool.ActiveCfg = Debug_Tool|Win32
		{747ADBD4-8A04-4397-8C07-2DEB5060AD89}.Debug_Tool.Build.0 = Debug_Tool|Win32
		{747ADBD4-8A04-4397-8C07-2DEB5060AD89}.Release.ActiveCfg = Release|Win32
		{747ADBD4-8A04-4397-8C07-2DEB5060AD89}.Release.Build.0 = Release|Win32
		{747ADBD4-8A04-4397-8C07-2DEB5060AD89}.Release_Tool.ActiveCfg = Release_Tool|Win32
		{747ADBD4-8A04-4397-8C07-2DEB5060AD89}.Release_Tool.Build.0 = Release_Tool|Win32
		{EE3659BF-2D9D-47FD-978C-86D061160279}.Debug.ActiveCfg = Debug|Win32
		{EE3659BF-2D9D-47FD-978C-86D061160279}.Debug.Build.0 = Debug|Win32
		{EE3659BF-2D9D-47FD-978C-86D061160279}.Debug_Tool.ActiveCfg = Debug|Win32
		{EE3659BF-2D9D-47FD-978C-86D061160279}.Debug_Tool.Build.0 = Debug|Win32
		{EE3659BF-2D9D-47FD-978C-86D061160279}.Release.ActiveCfg = Release|Win32
		{EE3659BF-2D9D-47FD-978C-86D061160279}.Release.Build.0 = Release|Win32
		{EE3659BF-2D9D-47FD-978C-86D061160279}.Release_Tool.ActiveCfg = Release|Win32
		{EE3659BF-2D9D-47FD-978C-86D061160279}.Release_Tool.Build.0 = Release|Win32
		{C6F8605D-A3F4-4F9E-9D88-D07892ADD944}.Debug.ActiveCfg = Debug|Win32
		{C6F8605D-A3F4-4F9E-9D88-D07892ADD944}.Debug.Build.0 = Debug|Win32
		{C6F8605D-A3F4-4F9E-9D88-D07892ADD944}.Debug_Tool.ActiveCfg = Debug|Win32
		{C6F8605D-A3F4-4F9E-9D88-D07892ADD944}.Debug_Tool.Build.0 = Debug|Win32
		{C6F8605D-A3F4-4F9E-9D88-D07892ADD944}.Release.ActiveCfg = Release|Win32
		{C6F8605D-A3F4-4F9E-9D88-D07892ADD944}.Release.Build.0 = Release|Win32
		{C6F8605D-A3F4-4F9E-9D88-D07892ADD944}.Release_Tool.ActiveCfg = Release|Win32
		{C6F8605D-A3F4-4F9E-9D88-D07892ADD944}.Release_Tool.Build.0 = Release|Win32
		{535E136A-16E5-4F9C-AFCA-F46B254B2643}.Debug.ActiveCfg = Debug|Win32
		{535E136A-16E5-4F9C-AFCA-F46B254B2643}.Debug.Build.0 = Debug|Win32
		{535E136A-16E5-4F9C-AFCA-F46B254B2643}.Debug_Tool.ActiveCfg = Debug|Win32
		{535E136A-16E5-4F9C-AFCA-F46B254B2643}.Debug_Tool.Build.0 = Debug|Win32
		{535E136A-16E5-4F9C-AFCA-F46B254B2643}.Release.ActiveCfg = Release|Win32
		{535E136A-16E5-4F9C-AFCA-F46B254B2643}.Release.Build.0 = Release|Win32
		{535E136A-16E5-4F9C-AFCA-F46B254B2643}.Release_Tool.ActiveCfg = Release|Win32
		{535E136A-16E5-4F9C-AFCA-F46B254B2643}.Release_Tool.Build.0 = Release|Win32
		{47121236-C12D-4826-AA98-1D74AED55AC7}.Debug.ActiveCfg = Debug|Win32
		{47121236-C12D-4826-AA98-1D74AED55AC7}.Debug.Build.0 = Debug|Win32
		{47121236-C12D-4826-AA98-1D74AED55AC7}.Debug_Tool.ActiveCfg = Debug|Win32
		{47121236-C12D-4826-AA98-1D74AED55AC7}.Debug_Tool.Build.0 = Debug|Win32
		{47121236-C12D-4826-AA98-1D74AED55AC7}.Release.ActiveCfg = Release|Win32
		{47121236-C12D-4826-AA98-1D74AED55AC7}.Release.Build.0 = Release|Win32
		{47121236-C12D-4826-AA98-1D74AED55AC7}.Release_Tool.ActiveCfg = Release|Win32
		{47121236-C12D-4826-AA98-1D74AED55AC7}.Release_Tool.Build.0 = Release|Win32
		{489B43B4-A123-4D79-83D3-9371734D0B1C}.Debug.ActiveCfg = Debug|Win32
		{489B43B4-A123-4D79-83D3-9371734D0B1C}.Debug.Build.0 = Debug|Win32
		{489B43B4-A123-4D79-83D3-9371734D0B1C}.Debug_Tool.ActiveCfg = Debug_Tool|Win32
		{489B43B4-A123-4D79-83D3-9371734D0B1C}.Debug_Tool.Build.0 = Debug_Tool|Win32
		{489B43B4-A123-4D79-83D3-9371734D0B1C}.Release.ActiveCfg = Release|Win32
		{489B43B4-A123-4D79-83D3-9371734D0B1C}.Release.Build.0 = Release|Win32
		{489B43B4-A123-4D79-83D3-9371734D0B1C}.Release_Tool.ActiveCfg = Release_Tool|Win32
		{489B43B4-A123-4D79-83D3-9371734D0B1C}.Release_Tool.Build.0 = Release_Tool|Win32
	EndGlobalSection
	GlobalSection(ExtensibilityGlobals) = postSolution
	EndGlobalSection
	GlobalSection(ExtensibilityAddIns) = postSolution
	EndGlobalSection
EndGlobal
